// !$*UTF8*$!
{
	archiveVersion = 1;
	classes = {
	};
	objectVersion = 50;
	objects = {

/* Begin PBXBuildFile section */
		183D7C8722B8CFF300153BDD /* WebImage.swift in Sources */ = {isa = PBXBuildFile; fileRef = 183D7C8622B8CFF300153BDD /* WebImage.swift */; };
		183D7C8922B8D2EC00153BDD /* MoviewsList.swift in Sources */ = {isa = PBXBuildFile; fileRef = 183D7C8822B8D2EC00153BDD /* MoviewsList.swift */; };
		1853F5C722B3B3DD001DAAE0 /* AppDelegate.swift in Sources */ = {isa = PBXBuildFile; fileRef = 1853F5C622B3B3DD001DAAE0 /* AppDelegate.swift */; };
		1853F5C922B3B3DD001DAAE0 /* SceneDelegate.swift in Sources */ = {isa = PBXBuildFile; fileRef = 1853F5C822B3B3DD001DAAE0 /* SceneDelegate.swift */; };
		1853F5CB22B3B3DD001DAAE0 /* ContentView.swift in Sources */ = {isa = PBXBuildFile; fileRef = 1853F5CA22B3B3DD001DAAE0 /* ContentView.swift */; };
		1853F5CD22B3B3DD001DAAE0 /* Assets.xcassets in Resources */ = {isa = PBXBuildFile; fileRef = 1853F5CC22B3B3DD001DAAE0 /* Assets.xcassets */; };
		1853F5D022B3B3DD001DAAE0 /* Preview Assets.xcassets in Resources */ = {isa = PBXBuildFile; fileRef = 1853F5CF22B3B3DD001DAAE0 /* Preview Assets.xcassets */; };
		1853F5D322B3B3DD001DAAE0 /* LaunchScreen.storyboard in Resources */ = {isa = PBXBuildFile; fileRef = 1853F5D122B3B3DD001DAAE0 /* LaunchScreen.storyboard */; };
		1853F5DE22B3B3DD001DAAE0 /* InterestsTests.swift in Sources */ = {isa = PBXBuildFile; fileRef = 1853F5DD22B3B3DD001DAAE0 /* InterestsTests.swift */; };
		1853F5E922B3B43F001DAAE0 /* Tabbar.swift in Sources */ = {isa = PBXBuildFile; fileRef = 1853F5E822B3B43F001DAAE0 /* Tabbar.swift */; };
		1853F5EB22B3B4A8001DAAE0 /* PopularList.swift in Sources */ = {isa = PBXBuildFile; fileRef = 1853F5EA22B3B4A8001DAAE0 /* PopularList.swift */; };
		1853F5ED22B3B4B5001DAAE0 /* MyLists.swift in Sources */ = {isa = PBXBuildFile; fileRef = 1853F5EC22B3B4B5001DAAE0 /* MyLists.swift */; };
		1860B7D822B73B0400311B6A /* Pods_Interests.framework in Frameworks */ = {isa = PBXBuildFile; fileRef = 1860B7D022B73A6600311B6A /* Pods_Interests.framework */; };
		1860B7D922B73B0400311B6A /* Pods_Interests.framework in Embed Frameworks */ = {isa = PBXBuildFile; fileRef = 1860B7D022B73A6600311B6A /* Pods_Interests.framework */; settings = {ATTRIBUTES = (RemoveHeadersOnCopy, ); }; };
		1860B7DC22B73C4800311B6A /* MovieAPI.swift in Sources */ = {isa = PBXBuildFile; fileRef = 1860B7DB22B73C4800311B6A /* MovieAPI.swift */; };
		1860B7DE22B742C700311B6A /* PopularListViewModel.swift in Sources */ = {isa = PBXBuildFile; fileRef = 1860B7DD22B742C700311B6A /* PopularListViewModel.swift */; };
		187CF4F522B79303007BF27C /* MoviePageResponse.swift in Sources */ = {isa = PBXBuildFile; fileRef = 187CF4F422B79303007BF27C /* MoviePageResponse.swift */; };
		187CF4FB22B89212007BF27C /* ImageService.swift in Sources */ = {isa = PBXBuildFile; fileRef = 187CF4FA22B89212007BF27C /* ImageService.swift */; };
		18BA61F422BB2F7500B15936 /* MovieRow.swift in Sources */ = {isa = PBXBuildFile; fileRef = 18BA61F322BB2F7500B15936 /* MovieRow.swift */; };
		18BA61F622BB301200B15936 /* Movie.swift in Sources */ = {isa = PBXBuildFile; fileRef = 18BA61F522BB301200B15936 /* Movie.swift */; };
		18BA61F822BCD21400B15936 /* MovieStore.swift in Sources */ = {isa = PBXBuildFile; fileRef = 18BA61F722BCD21400B15936 /* MovieStore.swift */; };
		18BA61FA22BCD74E00B15936 /* MovieActions.swift in Sources */ = {isa = PBXBuildFile; fileRef = 18BA61F922BCD74E00B15936 /* MovieActions.swift */; };
		18BA61FD22BCD92700B15936 /* Cast.swift in Sources */ = {isa = PBXBuildFile; fileRef = 18BA61FC22BCD92700B15936 /* Cast.swift */; };
		18BA61FF22BCD94A00B15936 /* PaginatedResponse.swift in Sources */ = {isa = PBXBuildFile; fileRef = 18BA61FE22BCD94A00B15936 /* PaginatedResponse.swift */; };
		18BEA19222C491DE00329D45 /* CastsActions.swift in Sources */ = {isa = PBXBuildFile; fileRef = 18BEA19122C491DE00329D45 /* CastsActions.swift */; };
		18BEA19422C491E900329D45 /* Action.swift in Sources */ = {isa = PBXBuildFile; fileRef = 18BEA19322C491E900329D45 /* Action.swift */; };
		18BEA19822C495E000329D45 /* AppState.swift in Sources */ = {isa = PBXBuildFile; fileRef = 18BEA19722C495E000329D45 /* AppState.swift */; };
		18BEA19A22C4963D00329D45 /* MovieState.swift in Sources */ = {isa = PBXBuildFile; fileRef = 18BEA19922C4963D00329D45 /* MovieState.swift */; };
		18BEA19C22C4964900329D45 /* FluxState.swift in Sources */ = {isa = PBXBuildFile; fileRef = 18BEA19B22C4964900329D45 /* FluxState.swift */; };
		18BEA19E22C4965100329D45 /* CastsState.swift in Sources */ = {isa = PBXBuildFile; fileRef = 18BEA19D22C4965100329D45 /* CastsState.swift */; };
		18BEA1A022C497F100329D45 /* Reducer.swift in Sources */ = {isa = PBXBuildFile; fileRef = 18BEA19F22C497F100329D45 /* Reducer.swift */; };
		18BEA1A222C49CA700329D45 /* MoviesReducer.swift in Sources */ = {isa = PBXBuildFile; fileRef = 18BEA1A122C49CA700329D45 /* MoviesReducer.swift */; };
		F62C3BA095ABA457403CC45D /* Pods_InterestsTests.framework in Frameworks */ = {isa = PBXBuildFile; fileRef = 1988B35429B6936E9F81C91D /* Pods_InterestsTests.framework */; };
/* End PBXBuildFile section */

/* Begin PBXContainerItemProxy section */
		1853F5DA22B3B3DD001DAAE0 /* PBXContainerItemProxy */ = {
			isa = PBXContainerItemProxy;
			containerPortal = 1853F5BB22B3B3DC001DAAE0 /* Project object */;
			proxyType = 1;
			remoteGlobalIDString = 1853F5C222B3B3DD001DAAE0;
			remoteInfo = Interests;
		};
/* End PBXContainerItemProxy section */

/* Begin PBXCopyFilesBuildPhase section */
		1860B7DA22B73B0400311B6A /* Embed Frameworks */ = {
			isa = PBXCopyFilesBuildPhase;
			buildActionMask = 2147483647;
			dstPath = "";
			dstSubfolderSpec = 10;
			files = (
				1860B7D922B73B0400311B6A /* Pods_Interests.framework in Embed Frameworks */,
			);
			name = "Embed Frameworks";
			runOnlyForDeploymentPostprocessing = 0;
		};
/* End PBXCopyFilesBuildPhase section */

/* Begin PBXFileReference section */
		183D7C8622B8CFF300153BDD /* WebImage.swift */ = {isa = PBXFileReference; lastKnownFileType = sourcecode.swift; path = WebImage.swift; sourceTree = "<group>"; };
		183D7C8822B8D2EC00153BDD /* MoviewsList.swift */ = {isa = PBXFileReference; lastKnownFileType = sourcecode.swift; path = MoviewsList.swift; sourceTree = "<group>"; };
		1853F5C322B3B3DD001DAAE0 /* Interests.app */ = {isa = PBXFileReference; explicitFileType = wrapper.application; includeInIndex = 0; path = Interests.app; sourceTree = BUILT_PRODUCTS_DIR; };
		1853F5C622B3B3DD001DAAE0 /* AppDelegate.swift */ = {isa = PBXFileReference; lastKnownFileType = sourcecode.swift; path = AppDelegate.swift; sourceTree = "<group>"; };
		1853F5C822B3B3DD001DAAE0 /* SceneDelegate.swift */ = {isa = PBXFileReference; lastKnownFileType = sourcecode.swift; path = SceneDelegate.swift; sourceTree = "<group>"; };
		1853F5CA22B3B3DD001DAAE0 /* ContentView.swift */ = {isa = PBXFileReference; lastKnownFileType = sourcecode.swift; path = ContentView.swift; sourceTree = "<group>"; };
		1853F5CC22B3B3DD001DAAE0 /* Assets.xcassets */ = {isa = PBXFileReference; lastKnownFileType = folder.assetcatalog; path = Assets.xcassets; sourceTree = "<group>"; };
		1853F5CF22B3B3DD001DAAE0 /* Preview Assets.xcassets */ = {isa = PBXFileReference; lastKnownFileType = folder.assetcatalog; path = "Preview Assets.xcassets"; sourceTree = "<group>"; };
		1853F5D222B3B3DD001DAAE0 /* Base */ = {isa = PBXFileReference; lastKnownFileType = file.storyboard; name = Base; path = Base.lproj/LaunchScreen.storyboard; sourceTree = "<group>"; };
		1853F5D422B3B3DD001DAAE0 /* Info.plist */ = {isa = PBXFileReference; lastKnownFileType = text.plist.xml; path = Info.plist; sourceTree = "<group>"; };
		1853F5D922B3B3DD001DAAE0 /* InterestsTests.xctest */ = {isa = PBXFileReference; explicitFileType = wrapper.cfbundle; includeInIndex = 0; path = InterestsTests.xctest; sourceTree = BUILT_PRODUCTS_DIR; };
		1853F5DD22B3B3DD001DAAE0 /* InterestsTests.swift */ = {isa = PBXFileReference; lastKnownFileType = sourcecode.swift; path = InterestsTests.swift; sourceTree = "<group>"; };
		1853F5DF22B3B3DD001DAAE0 /* Info.plist */ = {isa = PBXFileReference; lastKnownFileType = text.plist.xml; path = Info.plist; sourceTree = "<group>"; };
		1853F5E822B3B43F001DAAE0 /* Tabbar.swift */ = {isa = PBXFileReference; lastKnownFileType = sourcecode.swift; path = Tabbar.swift; sourceTree = "<group>"; };
		1853F5EA22B3B4A8001DAAE0 /* PopularList.swift */ = {isa = PBXFileReference; lastKnownFileType = sourcecode.swift; path = PopularList.swift; sourceTree = "<group>"; };
		1853F5EC22B3B4B5001DAAE0 /* MyLists.swift */ = {isa = PBXFileReference; lastKnownFileType = sourcecode.swift; path = MyLists.swift; sourceTree = "<group>"; };
		1860B7CE22B73A5000311B6A /* Pods_Interests.framework */ = {isa = PBXFileReference; explicitFileType = wrapper.framework; path = Pods_Interests.framework; sourceTree = BUILT_PRODUCTS_DIR; };
		1860B7D022B73A6600311B6A /* Pods_Interests.framework */ = {isa = PBXFileReference; explicitFileType = wrapper.framework; path = Pods_Interests.framework; sourceTree = BUILT_PRODUCTS_DIR; };
		1860B7D222B73A7000311B6A /* Alamofire.framework */ = {isa = PBXFileReference; explicitFileType = wrapper.framework; path = Alamofire.framework; sourceTree = BUILT_PRODUCTS_DIR; };
		1860B7D422B73A7000311B6A /* Moya.framework */ = {isa = PBXFileReference; explicitFileType = wrapper.framework; path = Moya.framework; sourceTree = BUILT_PRODUCTS_DIR; };
		1860B7D622B73A7000311B6A /* Result.framework */ = {isa = PBXFileReference; explicitFileType = wrapper.framework; path = Result.framework; sourceTree = BUILT_PRODUCTS_DIR; };
		1860B7DB22B73C4800311B6A /* MovieAPI.swift */ = {isa = PBXFileReference; lastKnownFileType = sourcecode.swift; path = MovieAPI.swift; sourceTree = "<group>"; };
		1860B7DD22B742C700311B6A /* PopularListViewModel.swift */ = {isa = PBXFileReference; lastKnownFileType = sourcecode.swift; path = PopularListViewModel.swift; sourceTree = "<group>"; };
		187CF4F422B79303007BF27C /* MoviePageResponse.swift */ = {isa = PBXFileReference; lastKnownFileType = sourcecode.swift; path = MoviePageResponse.swift; sourceTree = "<group>"; };
		187CF4FA22B89212007BF27C /* ImageService.swift */ = {isa = PBXFileReference; lastKnownFileType = sourcecode.swift; path = ImageService.swift; sourceTree = "<group>"; };
		18BA61F322BB2F7500B15936 /* MovieRow.swift */ = {isa = PBXFileReference; lastKnownFileType = sourcecode.swift; path = MovieRow.swift; sourceTree = "<group>"; };
		18BA61F522BB301200B15936 /* Movie.swift */ = {isa = PBXFileReference; lastKnownFileType = sourcecode.swift; path = Movie.swift; sourceTree = "<group>"; };
		18BA61F722BCD21400B15936 /* MovieStore.swift */ = {isa = PBXFileReference; lastKnownFileType = sourcecode.swift; path = MovieStore.swift; sourceTree = "<group>"; };
		18BA61F922BCD74E00B15936 /* MovieActions.swift */ = {isa = PBXFileReference; lastKnownFileType = sourcecode.swift; path = MovieActions.swift; sourceTree = "<group>"; };
		18BA61FC22BCD92700B15936 /* Cast.swift */ = {isa = PBXFileReference; lastKnownFileType = sourcecode.swift; path = Cast.swift; sourceTree = "<group>"; };
		18BA61FE22BCD94A00B15936 /* PaginatedResponse.swift */ = {isa = PBXFileReference; lastKnownFileType = sourcecode.swift; path = PaginatedResponse.swift; sourceTree = "<group>"; };
		18BEA19122C491DE00329D45 /* CastsActions.swift */ = {isa = PBXFileReference; lastKnownFileType = sourcecode.swift; path = CastsActions.swift; sourceTree = "<group>"; };
		18BEA19322C491E900329D45 /* Action.swift */ = {isa = PBXFileReference; lastKnownFileType = sourcecode.swift; path = Action.swift; sourceTree = "<group>"; };
		18BEA19722C495E000329D45 /* AppState.swift */ = {isa = PBXFileReference; lastKnownFileType = sourcecode.swift; path = AppState.swift; sourceTree = "<group>"; };
		18BEA19922C4963D00329D45 /* MovieState.swift */ = {isa = PBXFileReference; lastKnownFileType = sourcecode.swift; path = MovieState.swift; sourceTree = "<group>"; };
		18BEA19B22C4964900329D45 /* FluxState.swift */ = {isa = PBXFileReference; lastKnownFileType = sourcecode.swift; path = FluxState.swift; sourceTree = "<group>"; };
		18BEA19D22C4965100329D45 /* CastsState.swift */ = {isa = PBXFileReference; lastKnownFileType = sourcecode.swift; path = CastsState.swift; sourceTree = "<group>"; };
		18BEA19F22C497F100329D45 /* Reducer.swift */ = {isa = PBXFileReference; lastKnownFileType = sourcecode.swift; path = Reducer.swift; sourceTree = "<group>"; };
		18BEA1A122C49CA700329D45 /* MoviesReducer.swift */ = {isa = PBXFileReference; lastKnownFileType = sourcecode.swift; path = MoviesReducer.swift; sourceTree = "<group>"; };
		1988B35429B6936E9F81C91D /* Pods_InterestsTests.framework */ = {isa = PBXFileReference; explicitFileType = wrapper.framework; includeInIndex = 0; path = Pods_InterestsTests.framework; sourceTree = BUILT_PRODUCTS_DIR; };
		1F2EFF031E8A1B10CD29BFBF /* Pods-InterestsTests.debug.xcconfig */ = {isa = PBXFileReference; includeInIndex = 1; lastKnownFileType = text.xcconfig; name = "Pods-InterestsTests.debug.xcconfig"; path = "Pods/Target Support Files/Pods-InterestsTests/Pods-InterestsTests.debug.xcconfig"; sourceTree = "<group>"; };
		4114AA333546C10B5778E28E /* Pods_Interests.framework */ = {isa = PBXFileReference; explicitFileType = wrapper.framework; includeInIndex = 0; path = Pods_Interests.framework; sourceTree = BUILT_PRODUCTS_DIR; };
		45B7380DB855DDA30364BFAC /* Pods-InterestsTests.release.xcconfig */ = {isa = PBXFileReference; includeInIndex = 1; lastKnownFileType = text.xcconfig; name = "Pods-InterestsTests.release.xcconfig"; path = "Pods/Target Support Files/Pods-InterestsTests/Pods-InterestsTests.release.xcconfig"; sourceTree = "<group>"; };
		BFAE38F0ABE9AE9CB1FBC9D3 /* Pods-Interests.debug.xcconfig */ = {isa = PBXFileReference; includeInIndex = 1; lastKnownFileType = text.xcconfig; name = "Pods-Interests.debug.xcconfig"; path = "Pods/Target Support Files/Pods-Interests/Pods-Interests.debug.xcconfig"; sourceTree = "<group>"; };
		F78715ADF3E450796EC0E202 /* Pods-Interests.release.xcconfig */ = {isa = PBXFileReference; includeInIndex = 1; lastKnownFileType = text.xcconfig; name = "Pods-Interests.release.xcconfig"; path = "Pods/Target Support Files/Pods-Interests/Pods-Interests.release.xcconfig"; sourceTree = "<group>"; };
/* End PBXFileReference section */

/* Begin PBXFrameworksBuildPhase section */
		1853F5C022B3B3DD001DAAE0 /* Frameworks */ = {
			isa = PBXFrameworksBuildPhase;
			buildActionMask = 2147483647;
			files = (
				1860B7D822B73B0400311B6A /* Pods_Interests.framework in Frameworks */,
			);
			runOnlyForDeploymentPostprocessing = 0;
		};
		1853F5D622B3B3DD001DAAE0 /* Frameworks */ = {
			isa = PBXFrameworksBuildPhase;
			buildActionMask = 2147483647;
			files = (
				F62C3BA095ABA457403CC45D /* Pods_InterestsTests.framework in Frameworks */,
			);
			runOnlyForDeploymentPostprocessing = 0;
		};
/* End PBXFrameworksBuildPhase section */

/* Begin PBXGroup section */
		1853F5BA22B3B3DC001DAAE0 = {
			isa = PBXGroup;
			children = (
				1853F5C522B3B3DD001DAAE0 /* Interests */,
				1853F5DC22B3B3DD001DAAE0 /* InterestsTests */,
				1853F5C422B3B3DD001DAAE0 /* Products */,
				8D4C9DCEA8243DC60EF33060 /* Pods */,
				F2FEE79B9BED9B1E3E0DF7BC /* Frameworks */,
			);
			sourceTree = "<group>";
		};
		1853F5C422B3B3DD001DAAE0 /* Products */ = {
			isa = PBXGroup;
			children = (
				1853F5C322B3B3DD001DAAE0 /* Interests.app */,
				1853F5D922B3B3DD001DAAE0 /* InterestsTests.xctest */,
			);
			name = Products;
			sourceTree = "<group>";
		};
		1853F5C522B3B3DD001DAAE0 /* Interests */ = {
			isa = PBXGroup;
			children = (
				18BEA18F22C4919100329D45 /* flux */,
				18BA61FB22BCD90900B15936 /* Models */,
				1860B7CB22B7396600311B6A /* Data */,
				1853F5C622B3B3DD001DAAE0 /* AppDelegate.swift */,
				1853F5C822B3B3DD001DAAE0 /* SceneDelegate.swift */,
				1853F5CA22B3B3DD001DAAE0 /* ContentView.swift */,
				1853F5E822B3B43F001DAAE0 /* Tabbar.swift */,
				1853F5EA22B3B4A8001DAAE0 /* PopularList.swift */,
				183D7C8822B8D2EC00153BDD /* MoviewsList.swift */,
				18BA61F322BB2F7500B15936 /* MovieRow.swift */,
				183D7C8622B8CFF300153BDD /* WebImage.swift */,
				187CF4F422B79303007BF27C /* MoviePageResponse.swift */,
				1860B7DD22B742C700311B6A /* PopularListViewModel.swift */,
				1853F5EC22B3B4B5001DAAE0 /* MyLists.swift */,
				1853F5CC22B3B3DD001DAAE0 /* Assets.xcassets */,
				1853F5D122B3B3DD001DAAE0 /* LaunchScreen.storyboard */,
				1853F5D422B3B3DD001DAAE0 /* Info.plist */,
				1853F5CE22B3B3DD001DAAE0 /* Preview Content */,
			);
			path = Interests;
			sourceTree = "<group>";
		};
		1853F5CE22B3B3DD001DAAE0 /* Preview Content */ = {
			isa = PBXGroup;
			children = (
				1853F5CF22B3B3DD001DAAE0 /* Preview Assets.xcassets */,
			);
			path = "Preview Content";
			sourceTree = "<group>";
		};
		1853F5DC22B3B3DD001DAAE0 /* InterestsTests */ = {
			isa = PBXGroup;
			children = (
				1853F5DD22B3B3DD001DAAE0 /* InterestsTests.swift */,
				1853F5DF22B3B3DD001DAAE0 /* Info.plist */,
			);
			path = InterestsTests;
			sourceTree = "<group>";
		};
		1860B7CB22B7396600311B6A /* Data */ = {
			isa = PBXGroup;
			children = (
				1860B7DB22B73C4800311B6A /* MovieAPI.swift */,
				187CF4FA22B89212007BF27C /* ImageService.swift */,
				18BA61F722BCD21400B15936 /* MovieStore.swift */,
			);
			path = Data;
			sourceTree = "<group>";
		};
		18BA61FB22BCD90900B15936 /* Models */ = {
			isa = PBXGroup;
			children = (
				18BA61FC22BCD92700B15936 /* Cast.swift */,
				18BA61F522BB301200B15936 /* Movie.swift */,
				18BA61FE22BCD94A00B15936 /* PaginatedResponse.swift */,
			);
			path = Models;
			sourceTree = "<group>";
		};
		18BEA18F22C4919100329D45 /* flux */ = {
			isa = PBXGroup;
			children = (
				18BEA19622C495AC00329D45 /* state */,
				18BEA19522C4959D00329D45 /* reducers */,
				18BEA19022C491B000329D45 /* actions */,
			);
			path = flux;
			sourceTree = "<group>";
		};
		18BEA19022C491B000329D45 /* actions */ = {
			isa = PBXGroup;
			children = (
				18BA61F922BCD74E00B15936 /* MovieActions.swift */,
				18BEA19122C491DE00329D45 /* CastsActions.swift */,
				18BEA19322C491E900329D45 /* Action.swift */,
			);
			path = actions;
			sourceTree = "<group>";
		};
		18BEA19522C4959D00329D45 /* reducers */ = {
			isa = PBXGroup;
			children = (
				18BEA19F22C497F100329D45 /* Reducer.swift */,
				18BEA1A122C49CA700329D45 /* MoviesReducer.swift */,
			);
			path = reducers;
			sourceTree = "<group>";
		};
		18BEA19622C495AC00329D45 /* state */ = {
			isa = PBXGroup;
			children = (
				18BEA19722C495E000329D45 /* AppState.swift */,
				18BEA19922C4963D00329D45 /* MovieState.swift */,
				18BEA19B22C4964900329D45 /* FluxState.swift */,
				18BEA19D22C4965100329D45 /* CastsState.swift */,
			);
			path = state;
			sourceTree = "<group>";
		};
		8D4C9DCEA8243DC60EF33060 /* Pods */ = {
			isa = PBXGroup;
			children = (
				BFAE38F0ABE9AE9CB1FBC9D3 /* Pods-Interests.debug.xcconfig */,
				F78715ADF3E450796EC0E202 /* Pods-Interests.release.xcconfig */,
				1F2EFF031E8A1B10CD29BFBF /* Pods-InterestsTests.debug.xcconfig */,
				45B7380DB855DDA30364BFAC /* Pods-InterestsTests.release.xcconfig */,
			);
			name = Pods;
			sourceTree = "<group>";
		};
		F2FEE79B9BED9B1E3E0DF7BC /* Frameworks */ = {
			isa = PBXGroup;
			children = (
				1860B7D222B73A7000311B6A /* Alamofire.framework */,
				1860B7D422B73A7000311B6A /* Moya.framework */,
				1860B7D622B73A7000311B6A /* Result.framework */,
				1860B7D022B73A6600311B6A /* Pods_Interests.framework */,
				1860B7CE22B73A5000311B6A /* Pods_Interests.framework */,
				4114AA333546C10B5778E28E /* Pods_Interests.framework */,
				1988B35429B6936E9F81C91D /* Pods_InterestsTests.framework */,
			);
			name = Frameworks;
			sourceTree = "<group>";
		};
/* End PBXGroup section */

/* Begin PBXNativeTarget section */
		1853F5C222B3B3DD001DAAE0 /* Interests */ = {
			isa = PBXNativeTarget;
			buildConfigurationList = 1853F5E222B3B3DD001DAAE0 /* Build configuration list for PBXNativeTarget "Interests" */;
			buildPhases = (
				94BBB500EC9CAD600BE71544 /* [CP] Check Pods Manifest.lock */,
				1853F5BF22B3B3DD001DAAE0 /* Sources */,
				1853F5C022B3B3DD001DAAE0 /* Frameworks */,
				1853F5C122B3B3DD001DAAE0 /* Resources */,
				1860B7DA22B73B0400311B6A /* Embed Frameworks */,
				BBD03D118E74ED57557D32A5 /* [CP] Embed Pods Frameworks */,
			);
			buildRules = (
			);
			dependencies = (
			);
			name = Interests;
			productName = Interests;
			productReference = 1853F5C322B3B3DD001DAAE0 /* Interests.app */;
			productType = "com.apple.product-type.application";
		};
		1853F5D822B3B3DD001DAAE0 /* InterestsTests */ = {
			isa = PBXNativeTarget;
			buildConfigurationList = 1853F5E522B3B3DD001DAAE0 /* Build configuration list for PBXNativeTarget "InterestsTests" */;
			buildPhases = (
				BEF7ECBC4E5BE7EED6DA7294 /* [CP] Check Pods Manifest.lock */,
				1853F5D522B3B3DD001DAAE0 /* Sources */,
				1853F5D622B3B3DD001DAAE0 /* Frameworks */,
				1853F5D722B3B3DD001DAAE0 /* Resources */,
			);
			buildRules = (
			);
			dependencies = (
				1853F5DB22B3B3DD001DAAE0 /* PBXTargetDependency */,
			);
			name = InterestsTests;
			productName = InterestsTests;
			productReference = 1853F5D922B3B3DD001DAAE0 /* InterestsTests.xctest */;
			productType = "com.apple.product-type.bundle.unit-test";
		};
/* End PBXNativeTarget section */

/* Begin PBXProject section */
		1853F5BB22B3B3DC001DAAE0 /* Project object */ = {
			isa = PBXProject;
			attributes = {
				LastSwiftUpdateCheck = 1100;
				LastUpgradeCheck = 1100;
				ORGANIZATIONNAME = Pszertlek.com.cn;
				TargetAttributes = {
					1853F5C222B3B3DD001DAAE0 = {
						CreatedOnToolsVersion = 11.0;
					};
					1853F5D822B3B3DD001DAAE0 = {
						CreatedOnToolsVersion = 11.0;
						TestTargetID = 1853F5C222B3B3DD001DAAE0;
					};
				};
			};
			buildConfigurationList = 1853F5BE22B3B3DC001DAAE0 /* Build configuration list for PBXProject "Interests" */;
			compatibilityVersion = "Xcode 9.3";
			developmentRegion = en;
			hasScannedForEncodings = 0;
			knownRegions = (
				en,
				Base,
			);
			mainGroup = 1853F5BA22B3B3DC001DAAE0;
			productRefGroup = 1853F5C422B3B3DD001DAAE0 /* Products */;
			projectDirPath = "";
			projectRoot = "";
			targets = (
				1853F5C222B3B3DD001DAAE0 /* Interests */,
				1853F5D822B3B3DD001DAAE0 /* InterestsTests */,
			);
		};
/* End PBXProject section */

/* Begin PBXResourcesBuildPhase section */
		1853F5C122B3B3DD001DAAE0 /* Resources */ = {
			isa = PBXResourcesBuildPhase;
			buildActionMask = 2147483647;
			files = (
				1853F5D322B3B3DD001DAAE0 /* LaunchScreen.storyboard in Resources */,
				1853F5D022B3B3DD001DAAE0 /* Preview Assets.xcassets in Resources */,
				1853F5CD22B3B3DD001DAAE0 /* Assets.xcassets in Resources */,
			);
			runOnlyForDeploymentPostprocessing = 0;
		};
		1853F5D722B3B3DD001DAAE0 /* Resources */ = {
			isa = PBXResourcesBuildPhase;
			buildActionMask = 2147483647;
			files = (
			);
			runOnlyForDeploymentPostprocessing = 0;
		};
/* End PBXResourcesBuildPhase section */

/* Begin PBXShellScriptBuildPhase section */
		94BBB500EC9CAD600BE71544 /* [CP] Check Pods Manifest.lock */ = {
			isa = PBXShellScriptBuildPhase;
			buildActionMask = 2147483647;
			files = (
			);
			inputFileListPaths = (
			);
			inputPaths = (
				"${PODS_PODFILE_DIR_PATH}/Podfile.lock",
				"${PODS_ROOT}/Manifest.lock",
			);
			name = "[CP] Check Pods Manifest.lock";
			outputFileListPaths = (
			);
			outputPaths = (
				"$(DERIVED_FILE_DIR)/Pods-Interests-checkManifestLockResult.txt",
			);
			runOnlyForDeploymentPostprocessing = 0;
			shellPath = /bin/sh;
			shellScript = "diff \"${PODS_PODFILE_DIR_PATH}/Podfile.lock\" \"${PODS_ROOT}/Manifest.lock\" > /dev/null\nif [ $? != 0 ] ; then\n    # print error to STDERR\n    echo \"error: The sandbox is not in sync with the Podfile.lock. Run 'pod install' or update your CocoaPods installation.\" >&2\n    exit 1\nfi\n# This output is used by Xcode 'outputs' to avoid re-running this script phase.\necho \"SUCCESS\" > \"${SCRIPT_OUTPUT_FILE_0}\"\n";
			showEnvVarsInLog = 0;
		};
		BBD03D118E74ED57557D32A5 /* [CP] Embed Pods Frameworks */ = {
			isa = PBXShellScriptBuildPhase;
			buildActionMask = 2147483647;
			files = (
			);
			inputFileListPaths = (
			);
			inputPaths = (
				"${SRCROOT}/Pods/Target Support Files/Pods-Interests/Pods-Interests-frameworks.sh",
				"${BUILT_PRODUCTS_DIR}/Alamofire/Alamofire.framework",
				"${BUILT_PRODUCTS_DIR}/Kingfisher/Kingfisher.framework",
				"${BUILT_PRODUCTS_DIR}/Moya/Moya.framework",
				"${BUILT_PRODUCTS_DIR}/Result/Result.framework",
			);
			name = "[CP] Embed Pods Frameworks";
			outputFileListPaths = (
			);
			outputPaths = (
				"${TARGET_BUILD_DIR}/${FRAMEWORKS_FOLDER_PATH}/Alamofire.framework",
				"${TARGET_BUILD_DIR}/${FRAMEWORKS_FOLDER_PATH}/Kingfisher.framework",
				"${TARGET_BUILD_DIR}/${FRAMEWORKS_FOLDER_PATH}/Moya.framework",
				"${TARGET_BUILD_DIR}/${FRAMEWORKS_FOLDER_PATH}/Result.framework",
			);
			runOnlyForDeploymentPostprocessing = 0;
			shellPath = /bin/sh;
			shellScript = "\"${SRCROOT}/Pods/Target Support Files/Pods-Interests/Pods-Interests-frameworks.sh\"\n";
			showEnvVarsInLog = 0;
		};
		BEF7ECBC4E5BE7EED6DA7294 /* [CP] Check Pods Manifest.lock */ = {
			isa = PBXShellScriptBuildPhase;
			buildActionMask = 2147483647;
			files = (
			);
			inputFileListPaths = (
			);
			inputPaths = (
				"${PODS_PODFILE_DIR_PATH}/Podfile.lock",
				"${PODS_ROOT}/Manifest.lock",
			);
			name = "[CP] Check Pods Manifest.lock";
			outputFileListPaths = (
			);
			outputPaths = (
				"$(DERIVED_FILE_DIR)/Pods-InterestsTests-checkManifestLockResult.txt",
			);
			runOnlyForDeploymentPostprocessing = 0;
			shellPath = /bin/sh;
			shellScript = "diff \"${PODS_PODFILE_DIR_PATH}/Podfile.lock\" \"${PODS_ROOT}/Manifest.lock\" > /dev/null\nif [ $? != 0 ] ; then\n    # print error to STDERR\n    echo \"error: The sandbox is not in sync with the Podfile.lock. Run 'pod install' or update your CocoaPods installation.\" >&2\n    exit 1\nfi\n# This output is used by Xcode 'outputs' to avoid re-running this script phase.\necho \"SUCCESS\" > \"${SCRIPT_OUTPUT_FILE_0}\"\n";
			showEnvVarsInLog = 0;
		};
/* End PBXShellScriptBuildPhase section */

/* Begin PBXSourcesBuildPhase section */
		1853F5BF22B3B3DD001DAAE0 /* Sources */ = {
			isa = PBXSourcesBuildPhase;
			buildActionMask = 2147483647;
			files = (
				18BEA19A22C4963D00329D45 /* MovieState.swift in Sources */,
				18BEA19C22C4964900329D45 /* FluxState.swift in Sources */,
				18BA61FD22BCD92700B15936 /* Cast.swift in Sources */,
				18BA61F622BB301200B15936 /* Movie.swift in Sources */,
				18BA61FF22BCD94A00B15936 /* PaginatedResponse.swift in Sources */,
				1860B7DE22B742C700311B6A /* PopularListViewModel.swift in Sources */,
				18BA61F422BB2F7500B15936 /* MovieRow.swift in Sources */,
				1853F5C722B3B3DD001DAAE0 /* AppDelegate.swift in Sources */,
				18BA61F822BCD21400B15936 /* MovieStore.swift in Sources */,
				183D7C8722B8CFF300153BDD /* WebImage.swift in Sources */,
				18BEA19E22C4965100329D45 /* CastsState.swift in Sources */,
				1860B7DC22B73C4800311B6A /* MovieAPI.swift in Sources */,
				18BEA19822C495E000329D45 /* AppState.swift in Sources */,
				18BEA1A022C497F100329D45 /* Reducer.swift in Sources */,
				187CF4F522B79303007BF27C /* MoviePageResponse.swift in Sources */,
				1853F5C922B3B3DD001DAAE0 /* SceneDelegate.swift in Sources */,
				1853F5EB22B3B4A8001DAAE0 /* PopularList.swift in Sources */,
				1853F5ED22B3B4B5001DAAE0 /* MyLists.swift in Sources */,
				18BEA19422C491E900329D45 /* Action.swift in Sources */,
				18BEA19222C491DE00329D45 /* CastsActions.swift in Sources */,
				1853F5CB22B3B3DD001DAAE0 /* ContentView.swift in Sources */,
				187CF4FB22B89212007BF27C /* ImageService.swift in Sources */,
				183D7C8922B8D2EC00153BDD /* MoviewsList.swift in Sources */,
				18BA61FA22BCD74E00B15936 /* MovieActions.swift in Sources */,
				1853F5E922B3B43F001DAAE0 /* Tabbar.swift in Sources */,
				18BEA1A222C49CA700329D45 /* MoviesReducer.swift in Sources */,
			);
			runOnlyForDeploymentPostprocessing = 0;
		};
		1853F5D522B3B3DD001DAAE0 /* Sources */ = {
			isa = PBXSourcesBuildPhase;
			buildActionMask = 2147483647;
			files = (
				1853F5DE22B3B3DD001DAAE0 /* InterestsTests.swift in Sources */,
			);
			runOnlyForDeploymentPostprocessing = 0;
		};
/* End PBXSourcesBuildPhase section */

/* Begin PBXTargetDependency section */
		1853F5DB22B3B3DD001DAAE0 /* PBXTargetDependency */ = {
			isa = PBXTargetDependency;
			target = 1853F5C222B3B3DD001DAAE0 /* Interests */;
			targetProxy = 1853F5DA22B3B3DD001DAAE0 /* PBXContainerItemProxy */;
		};
/* End PBXTargetDependency section */

/* Begin PBXVariantGroup section */
		1853F5D122B3B3DD001DAAE0 /* LaunchScreen.storyboard */ = {
			isa = PBXVariantGroup;
			children = (
				1853F5D222B3B3DD001DAAE0 /* Base */,
			);
			name = LaunchScreen.storyboard;
			sourceTree = "<group>";
		};
/* End PBXVariantGroup section */

/* Begin XCBuildConfiguration section */
		1853F5E022B3B3DD001DAAE0 /* Debug */ = {
			isa = XCBuildConfiguration;
			buildSettings = {
				ALWAYS_SEARCH_USER_PATHS = NO;
				CLANG_ANALYZER_NONNULL = YES;
				CLANG_ANALYZER_NUMBER_OBJECT_CONVERSION = YES_AGGRESSIVE;
				CLANG_CXX_LANGUAGE_STANDARD = "gnu++14";
				CLANG_CXX_LIBRARY = "libc++";
				CLANG_ENABLE_MODULES = YES;
				CLANG_ENABLE_OBJC_ARC = YES;
				CLANG_ENABLE_OBJC_WEAK = YES;
				CLANG_WARN_BLOCK_CAPTURE_AUTORELEASING = YES;
				CLANG_WARN_BOOL_CONVERSION = YES;
				CLANG_WARN_COMMA = YES;
				CLANG_WARN_CONSTANT_CONVERSION = YES;
				CLANG_WARN_DEPRECATED_OBJC_IMPLEMENTATIONS = YES;
				CLANG_WARN_DIRECT_OBJC_ISA_USAGE = YES_ERROR;
				CLANG_WARN_DOCUMENTATION_COMMENTS = YES;
				CLANG_WARN_EMPTY_BODY = YES;
				CLANG_WARN_ENUM_CONVERSION = YES;
				CLANG_WARN_INFINITE_RECURSION = YES;
				CLANG_WARN_INT_CONVERSION = YES;
				CLANG_WARN_NON_LITERAL_NULL_CONVERSION = YES;
				CLANG_WARN_OBJC_IMPLICIT_RETAIN_SELF = YES;
				CLANG_WARN_OBJC_LITERAL_CONVERSION = YES;
				CLANG_WARN_OBJC_ROOT_CLASS = YES_ERROR;
				CLANG_WARN_RANGE_LOOP_ANALYSIS = YES;
				CLANG_WARN_STRICT_PROTOTYPES = YES;
				CLANG_WARN_SUSPICIOUS_MOVE = YES;
				CLANG_WARN_UNGUARDED_AVAILABILITY = YES_AGGRESSIVE;
				CLANG_WARN_UNREACHABLE_CODE = YES;
				CLANG_WARN__DUPLICATE_METHOD_MATCH = YES;
				COPY_PHASE_STRIP = NO;
				DEBUG_INFORMATION_FORMAT = dwarf;
				ENABLE_STRICT_OBJC_MSGSEND = YES;
				ENABLE_TESTABILITY = YES;
				GCC_C_LANGUAGE_STANDARD = gnu11;
				GCC_DYNAMIC_NO_PIC = NO;
				GCC_NO_COMMON_BLOCKS = YES;
				GCC_OPTIMIZATION_LEVEL = 0;
				GCC_PREPROCESSOR_DEFINITIONS = (
					"DEBUG=1",
					"$(inherited)",
				);
				GCC_WARN_64_TO_32_BIT_CONVERSION = YES;
				GCC_WARN_ABOUT_RETURN_TYPE = YES_ERROR;
				GCC_WARN_UNDECLARED_SELECTOR = YES;
				GCC_WARN_UNINITIALIZED_AUTOS = YES_AGGRESSIVE;
				GCC_WARN_UNUSED_FUNCTION = YES;
				GCC_WARN_UNUSED_VARIABLE = YES;
				IPHONEOS_DEPLOYMENT_TARGET = 13.0;
				MTL_ENABLE_DEBUG_INFO = INCLUDE_SOURCE;
				MTL_FAST_MATH = YES;
				ONLY_ACTIVE_ARCH = YES;
				SDKROOT = iphoneos;
				SWIFT_ACTIVE_COMPILATION_CONDITIONS = DEBUG;
				SWIFT_OPTIMIZATION_LEVEL = "-Onone";
			};
			name = Debug;
		};
		1853F5E122B3B3DD001DAAE0 /* Release */ = {
			isa = XCBuildConfiguration;
			buildSettings = {
				ALWAYS_SEARCH_USER_PATHS = NO;
				CLANG_ANALYZER_NONNULL = YES;
				CLANG_ANALYZER_NUMBER_OBJECT_CONVERSION = YES_AGGRESSIVE;
				CLANG_CXX_LANGUAGE_STANDARD = "gnu++14";
				CLANG_CXX_LIBRARY = "libc++";
				CLANG_ENABLE_MODULES = YES;
				CLANG_ENABLE_OBJC_ARC = YES;
				CLANG_ENABLE_OBJC_WEAK = YES;
				CLANG_WARN_BLOCK_CAPTURE_AUTORELEASING = YES;
				CLANG_WARN_BOOL_CONVERSION = YES;
				CLANG_WARN_COMMA = YES;
				CLANG_WARN_CONSTANT_CONVERSION = YES;
				CLANG_WARN_DEPRECATED_OBJC_IMPLEMENTATIONS = YES;
				CLANG_WARN_DIRECT_OBJC_ISA_USAGE = YES_ERROR;
				CLANG_WARN_DOCUMENTATION_COMMENTS = YES;
				CLANG_WARN_EMPTY_BODY = YES;
				CLANG_WARN_ENUM_CONVERSION = YES;
				CLANG_WARN_INFINITE_RECURSION = YES;
				CLANG_WARN_INT_CONVERSION = YES;
				CLANG_WARN_NON_LITERAL_NULL_CONVERSION = YES;
				CLANG_WARN_OBJC_IMPLICIT_RETAIN_SELF = YES;
				CLANG_WARN_OBJC_LITERAL_CONVERSION = YES;
				CLANG_WARN_OBJC_ROOT_CLASS = YES_ERROR;
				CLANG_WARN_RANGE_LOOP_ANALYSIS = YES;
				CLANG_WARN_STRICT_PROTOTYPES = YES;
				CLANG_WARN_SUSPICIOUS_MOVE = YES;
				CLANG_WARN_UNGUARDED_AVAILABILITY = YES_AGGRESSIVE;
				CLANG_WARN_UNREACHABLE_CODE = YES;
				CLANG_WARN__DUPLICATE_METHOD_MATCH = YES;
				COPY_PHASE_STRIP = NO;
				DEBUG_INFORMATION_FORMAT = "dwarf-with-dsym";
				ENABLE_NS_ASSERTIONS = NO;
				ENABLE_STRICT_OBJC_MSGSEND = YES;
				GCC_C_LANGUAGE_STANDARD = gnu11;
				GCC_NO_COMMON_BLOCKS = YES;
				GCC_WARN_64_TO_32_BIT_CONVERSION = YES;
				GCC_WARN_ABOUT_RETURN_TYPE = YES_ERROR;
				GCC_WARN_UNDECLARED_SELECTOR = YES;
				GCC_WARN_UNINITIALIZED_AUTOS = YES_AGGRESSIVE;
				GCC_WARN_UNUSED_FUNCTION = YES;
				GCC_WARN_UNUSED_VARIABLE = YES;
				IPHONEOS_DEPLOYMENT_TARGET = 13.0;
				MTL_ENABLE_DEBUG_INFO = NO;
				MTL_FAST_MATH = YES;
				SDKROOT = iphoneos;
				SWIFT_COMPILATION_MODE = wholemodule;
				SWIFT_OPTIMIZATION_LEVEL = "-O";
				VALIDATE_PRODUCT = YES;
			};
			name = Release;
		};
		1853F5E322B3B3DD001DAAE0 /* Debug */ = {
			isa = XCBuildConfiguration;
			baseConfigurationReference = BFAE38F0ABE9AE9CB1FBC9D3 /* Pods-Interests.debug.xcconfig */;
			buildSettings = {
				ASSETCATALOG_COMPILER_APPICON_NAME = AppIcon;
				CODE_SIGN_STYLE = Automatic;
				DEVELOPMENT_ASSET_PATHS = "Interests/Preview\\ Content";
				DEVELOPMENT_TEAM = WEZ4TNATDY;
				ENABLE_PREVIEWS = YES;
				INFOPLIST_FILE = Interests/Info.plist;
				LD_RUNPATH_SEARCH_PATHS = (
					"$(inherited)",
					"@executable_path/Frameworks",
				);
				PRODUCT_BUNDLE_IDENTIFIER = Pszertlek.com.cn.Interests;
				PRODUCT_NAME = "$(TARGET_NAME)";
				SWIFT_VERSION = 5.0;
				TARGETED_DEVICE_FAMILY = "1,2";
			};
			name = Debug;
		};
		1853F5E422B3B3DD001DAAE0 /* Release */ = {
			isa = XCBuildConfiguration;
			baseConfigurationReference = F78715ADF3E450796EC0E202 /* Pods-Interests.release.xcconfig */;
			buildSettings = {
				ASSETCATALOG_COMPILER_APPICON_NAME = AppIcon;
				CODE_SIGN_STYLE = Automatic;
				DEVELOPMENT_ASSET_PATHS = "Interests/Preview\\ Content";
				DEVELOPMENT_TEAM = WEZ4TNATDY;
				ENABLE_PREVIEWS = YES;
				INFOPLIST_FILE = Interests/Info.plist;
				LD_RUNPATH_SEARCH_PATHS = (
					"$(inherited)",
					"@executable_path/Frameworks",
				);
				PRODUCT_BUNDLE_IDENTIFIER = Pszertlek.com.cn.Interests;
				PRODUCT_NAME = "$(TARGET_NAME)";
				SWIFT_VERSION = 5.0;
				TARGETED_DEVICE_FAMILY = "1,2";
			};
			name = Release;
		};
		1853F5E622B3B3DD001DAAE0 /* Debug */ = {
			isa = XCBuildConfiguration;
			baseConfigurationReference = 1F2EFF031E8A1B10CD29BFBF /* Pods-InterestsTests.debug.xcconfig */;
			buildSettings = {
				ALWAYS_EMBED_SWIFT_STANDARD_LIBRARIES = YES;
				BUNDLE_LOADER = "$(TEST_HOST)";
				CODE_SIGN_STYLE = Automatic;
				DEVELOPMENT_TEAM = WEZ4TNATDY;
				INFOPLIST_FILE = InterestsTests/Info.plist;
				LD_RUNPATH_SEARCH_PATHS = (
					"$(inherited)",
					"@executable_path/Frameworks",
					"@loader_path/Frameworks",
				);
				PRODUCT_BUNDLE_IDENTIFIER = Pszertlek.com.cn.InterestsTests;
				PRODUCT_NAME = "$(TARGET_NAME)";
				SWIFT_VERSION = 5.0;
				TARGETED_DEVICE_FAMILY = "1,2";
				TEST_HOST = "$(BUILT_PRODUCTS_DIR)/Interests.app/Interests";
			};
			name = Debug;
		};
		1853F5E722B3B3DD001DAAE0 /* Release */ = {
			isa = XCBuildConfiguration;
			baseConfigurationReference = 45B7380DB855DDA30364BFAC /* Pods-InterestsTests.release.xcconfig */;
			buildSettings = {
				ALWAYS_EMBED_SWIFT_STANDARD_LIBRARIES = YES;
				BUNDLE_LOADER = "$(TEST_HOST)";
				CODE_SIGN_STYLE = Automatic;
				DEVELOPMENT_TEAM = WEZ4TNATDY;
				INFOPLIST_FILE = InterestsTests/Info.plist;
				LD_RUNPATH_SEARCH_PATHS = (
					"$(inherited)",
					"@executable_path/Frameworks",
					"@loader_path/Frameworks",
				);
				PRODUCT_BUNDLE_IDENTIFIER = Pszertlek.com.cn.InterestsTests;
				PRODUCT_NAME = "$(TARGET_NAME)";
				SWIFT_VERSION = 5.0;
				TARGETED_DEVICE_FAMILY = "1,2";
				TEST_HOST = "$(BUILT_PRODUCTS_DIR)/Interests.app/Interests";
			};
			name = Release;
		};
/* End XCBuildConfiguration section */

/* Begin XCConfigurationList section */
		1853F5BE22B3B3DC001DAAE0 /* Build configuration list for PBXProject "Interests" */ = {
			isa = XCConfigurationList;
			buildConfigurations = (
				1853F5E022B3B3DD001DAAE0 /* Debug */,
				1853F5E122B3B3DD001DAAE0 /* Release */,
			);
			defaultConfigurationIsVisible = 0;
			defaultConfigurationName = Release;
		};
		1853F5E222B3B3DD001DAAE0 /* Build configuration list for PBXNativeTarget "Interests" */ = {
			isa = XCConfigurationList;
			buildConfigurations = (
				1853F5E322B3B3DD001DAAE0 /* Debug */,
				1853F5E422B3B3DD001DAAE0 /* Release */,
			);
			defaultConfigurationIsVisible = 0;
			defaultConfigurationName = Release;
		};
		1853F5E522B3B3DD001DAAE0 /* Build configuration list for PBXNativeTarget "InterestsTests" */ = {
			isa = XCConfigurationList;
			buildConfigurations = (
				1853F5E622B3B3DD001DAAE0 /* Debug */,
				1853F5E722B3B3DD001DAAE0 /* Release */,
			);
			defaultConfigurationIsVisible = 0;
			defaultConfigurationName = Release;
		};
/* End XCConfigurationList section */
	};
	rootObject = 1853F5BB22B3B3DC001DAAE0 /* Project object */;
}
